
Microsoft Visual Studio Solution File, Format Version 12.00
# Visual Studio Version 17
VisualStudioVersion = 17.0.31903.59
MinimumVisualStudioVersion = 10.0.40219.1
Project("{FAE04EC0-301F-11D3-BF4B-00C04F79EFBC}") = "EventZen.API", "EventZen.API\EventZen.API.csproj", "{EA0ADE20-B546-4E4C-A678-14FD7F7F9C2E}"
EndProject
Project("{FAE04EC0-301F-11D3-BF4B-00C04F79EFBC}") = "EventZen.Core", "EventZen.Core\EventZen.Core.csproj", "{0BD79831-2A08-4A63-88B3-03666570691C}"
EndProject
Project("{FAE04EC0-301F-11D3-BF4B-00C04F79EFBC}") = "EventZen.Infrastructure", "EventZen.Infrastructure\EventZen.Infrastructure.csproj", "{B3638C37-FAF0-4F75-95E0-F31E58985193}"
EndProject
Project("{FAE04EC0-301F-11D3-BF4B-00C04F79EFBC}") = "EventZen.Tests", "EventZen.Tests\EventZen.Tests.csproj", "{57BDA3A5-EAA1-43CA-B664-415D4273DE09}"
EndProject
Global
	GlobalSection(SolutionConfigurationPlatforms) = preSolution
		Debug|Any CPU = Debug|Any CPU
		Release|Any CPU = Release|Any CPU
	EndGlobalSection
	GlobalSection(SolutionProperties) = preSolution
		HideSolutionNode = FALSE
	EndGlobalSection
	GlobalSection(ProjectConfigurationPlatforms) = postSolution
		{EA0ADE20-B546-4E4C-A678-14FD7F7F9C2E}.Debug|Any CPU.ActiveCfg = Debug|Any CPU
		{EA0ADE20-B546-4E4C-A678-14FD7F7F9C2E}.Debug|Any CPU.Build.0 = Debug|Any CPU
		{EA0ADE20-B546-4E4C-A678-14FD7F7F9C2E}.Release|Any CPU.ActiveCfg = Release|Any CPU
		{EA0ADE20-B546-4E4C-A678-14FD7F7F9C2E}.Release|Any CPU.Build.0 = Release|Any CPU
		{0BD79831-2A08-4A63-88B3-03666570691C}.Debug|Any CPU.ActiveCfg = Debug|Any CPU
		{0BD79831-2A08-4A63-88B3-03666570691C}.Debug|Any CPU.Build.0 = Debug|Any CPU
		{0BD79831-2A08-4A63-88B3-03666570691C}.Release|Any CPU.ActiveCfg = Release|Any CPU
		{0BD79831-2A08-4A63-88B3-03666570691C}.Release|Any CPU.Build.0 = Release|Any CPU
		{B3638C37-FAF0-4F75-95E0-F31E58985193}.Debug|Any CPU.ActiveCfg = Debug|Any CPU
		{B3638C37-FAF0-4F75-95E0-F31E58985193}.Debug|Any CPU.Build.0 = Debug|Any CPU
		{B3638C37-FAF0-4F75-95E0-F31E58985193}.Release|Any CPU.ActiveCfg = Release|Any CPU
		{B3638C37-FAF0-4F75-95E0-F31E58985193}.Release|Any CPU.Build.0 = Release|Any CPU
		{57BDA3A5-EAA1-43CA-B664-415D4273DE09}.Debug|Any CPU.ActiveCfg = Debug|Any CPU
		{57BDA3A5-EAA1-43CA-B664-415D4273DE09}.Debug|Any CPU.Build.0 = Debug|Any CPU
		{57BDA3A5-EAA1-43CA-B664-415D4273DE09}.Release|Any CPU.ActiveCfg = Release|Any CPU
		{57BDA3A5-EAA1-43CA-B664-415D4273DE09}.Release|Any CPU.Build.0 = Release|Any CPU
	EndGlobalSection
EndGlobal
